
Microsoft Visual Studio Solution File, Format Version 12.00
# Visual Studio Version 16
VisualStudioVersion = 16.0.30517.126
MinimumVisualStudioVersion = 10.0.40219.1
Project("{FAE04EC0-301F-11D3-BF4B-00C04F79EFBC}") = "MedicinePlanner.Core", "MedicinePlanner.Core\MedicinePlanner.Core.csproj", "{8E438616-A5EB-4EE9-97B7-D0431D919E83}"
EndProject
Project("{FAE04EC0-301F-11D3-BF4B-00C04F79EFBC}") = "MedicinePlanner.Data", "MedicinePlanner.Data\MedicinePlanner.Data.csproj", "{5157E139-A31E-4127-8DAB-9A15B397A4A4}"
EndProject
Project("{FAE04EC0-301F-11D3-BF4B-00C04F79EFBC}") = "MedicinePlanner.WebApi", "MedicinePlanner.WebApi\MedicinePlanner.WebApi.csproj", "{148CB1B0-9FD0-471A-823D-DD17B4A2BA52}"
EndProject
Global
	GlobalSection(SolutionConfigurationPlatforms) = preSolution
		Debug|Any CPU = Debug|Any CPU
		Release|Any CPU = Release|Any CPU
	EndGlobalSection
	GlobalSection(ProjectConfigurationPlatforms) = postSolution
		{8E438616-A5EB-4EE9-97B7-D0431D919E83}.Debug|Any CPU.ActiveCfg = Debug|Any CPU
		{8E438616-A5EB-4EE9-97B7-D0431D919E83}.Debug|Any CPU.Build.0 = Debug|Any CPU
		{8E438616-A5EB-4EE9-97B7-D0431D919E83}.Release|Any CPU.ActiveCfg = Release|Any CPU
		{8E438616-A5EB-4EE9-97B7-D0431D919E83}.Release|Any CPU.Build.0 = Release|Any CPU
		{5157E139-A31E-4127-8DAB-9A15B397A4A4}.Debug|Any CPU.ActiveCfg = Debug|Any CPU
		{5157E139-A31E-4127-8DAB-9A15B397A4A4}.Debug|Any CPU.Build.0 = Debug|Any CPU
		{5157E139-A31E-4127-8DAB-9A15B397A4A4}.Release|Any CPU.ActiveCfg = Release|Any CPU
		{5157E139-A31E-4127-8DAB-9A15B397A4A4}.Release|Any CPU.Build.0 = Release|Any CPU
		{148CB1B0-9FD0-471A-823D-DD17B4A2BA52}.Debug|Any CPU.ActiveCfg = Debug|Any CPU
		{148CB1B0-9FD0-471A-823D-DD17B4A2BA52}.Debug|Any CPU.Build.0 = Debug|Any CPU
		{148CB1B0-9FD0-471A-823D-DD17B4A2BA52}.Release|Any CPU.ActiveCfg = Release|Any CPU
		{148CB1B0-9FD0-471A-823D-DD17B4A2BA52}.Release|Any CPU.Build.0 = Release|Any CPU
	EndGlobalSection
	GlobalSection(SolutionProperties) = preSolution
		HideSolutionNode = FALSE
	EndGlobalSection
	GlobalSection(ExtensibilityGlobals) = postSolution
		SolutionGuid = {45921BA3-29C2-4E89-A1A2-A40B484B481D}
	EndGlobalSection
EndGlobal
